
Microsoft Visual Studio Solution File, Format Version 12.00
# Visual Studio Version 16
VisualStudioVersion = 16.0.28803.202
MinimumVisualStudioVersion = 10.0.40219.1
Project("{9A19103F-16F7-4668-BE54-9A1E7A4F7556}") = "WiltsTesting", "WiltsTesting\WiltsTesting.csproj", "{D01F45EB-2D83-4E46-B5B6-7BDC0D57C1DA}"
EndProject
Project("{9A19103F-16F7-4668-BE54-9A1E7A4F7556}") = "UnitTests", "Tests\UnitTests.csproj", "{8A224685-85D7-4DD9-97E1-00200FC3F20D}"
EndProject
Project("{FAE04EC0-301F-11D3-BF4B-00C04F79EFBC}") = "UiTests", "UiTests\UiTests.csproj", "{A53F5843-3924-4971-97A6-9C7325BCCFEC}"
EndProject
Global
	GlobalSection(SolutionConfigurationPlatforms) = preSolution
		Debug|Any CPU = Debug|Any CPU
		Release|Any CPU = Release|Any CPU
	EndGlobalSection
	GlobalSection(ProjectConfigurationPlatforms) = postSolution
		{D01F45EB-2D83-4E46-B5B6-7BDC0D57C1DA}.Debug|Any CPU.ActiveCfg = Debug|Any CPU
		{D01F45EB-2D83-4E46-B5B6-7BDC0D57C1DA}.Debug|Any CPU.Build.0 = Debug|Any CPU
		{D01F45EB-2D83-4E46-B5B6-7BDC0D57C1DA}.Release|Any CPU.ActiveCfg = Release|Any CPU
		{D01F45EB-2D83-4E46-B5B6-7BDC0D57C1DA}.Release|Any CPU.Build.0 = Release|Any CPU
		{8A224685-85D7-4DD9-97E1-00200FC3F20D}.Debug|Any CPU.ActiveCfg = Debug|Any CPU
		{8A224685-85D7-4DD9-97E1-00200FC3F20D}.Debug|Any CPU.Build.0 = Debug|Any CPU
		{8A224685-85D7-4DD9-97E1-00200FC3F20D}.Release|Any CPU.ActiveCfg = Release|Any CPU
		{8A224685-85D7-4DD9-97E1-00200FC3F20D}.Release|Any CPU.Build.0 = Release|Any CPU
		{A53F5843-3924-4971-97A6-9C7325BCCFEC}.Debug|Any CPU.ActiveCfg = Debug|Any CPU
		{A53F5843-3924-4971-97A6-9C7325BCCFEC}.Debug|Any CPU.Build.0 = Debug|Any CPU
		{A53F5843-3924-4971-97A6-9C7325BCCFEC}.Release|Any CPU.ActiveCfg = Release|Any CPU
		{A53F5843-3924-4971-97A6-9C7325BCCFEC}.Release|Any CPU.Build.0 = Release|Any CPU
	EndGlobalSection
	GlobalSection(SolutionProperties) = preSolution
		HideSolutionNode = FALSE
	EndGlobalSection
	GlobalSection(ExtensibilityGlobals) = postSolution
		SolutionGuid = {FA43E75F-97EA-4494-90DA-0C11C7CD4DF5}
	EndGlobalSection
EndGlobal
